
Microsoft Visual Studio Solution File, Format Version 12.00
# Visual Studio 2013
VisualStudioVersion = 12.0.21005.1
MinimumVisualStudioVersion = 10.0.40219.1
Project("{FAE04EC0-301F-11D3-BF4B-00C04F79EFBC}") = "WorkMan.Core", "WorkMan.Core\WorkMan.Core.csproj", "{EA7B181E-61CE-4DE0-B19D-D7320B5EA60D}"
EndProject
Project("{FAE04EC0-301F-11D3-BF4B-00C04F79EFBC}") = "WorkMan.Web", "WorkMan.Web\WorkMan.Web.csproj", "{0DE28E5D-45FD-4B12-919E-5A75E0493E29}"
EndProject
Project("{FAE04EC0-301F-11D3-BF4B-00C04F79EFBC}") = "WorkMan.WebAPI", "WorkMan.WebAPI\WorkMan.WebAPI.csproj", "{498DC708-8321-41D4-A092-631D2451B361}"
EndProject
Project("{2150E333-8FDC-42A3-9474-1A3956D46DE8}") = "Solution Items", "Solution Items", "{ECD418E5-85DF-4D2B-8CA3-28A7AB2CB265}"
EndProject
Global
	GlobalSection(SolutionConfigurationPlatforms) = preSolution
		Debug|Any CPU = Debug|Any CPU
		Release|Any CPU = Release|Any CPU
	EndGlobalSection
	GlobalSection(ProjectConfigurationPlatforms) = postSolution
		{EA7B181E-61CE-4DE0-B19D-D7320B5EA60D}.Debug|Any CPU.ActiveCfg = Debug|Any CPU
		{EA7B181E-61CE-4DE0-B19D-D7320B5EA60D}.Debug|Any CPU.Build.0 = Debug|Any CPU
		{EA7B181E-61CE-4DE0-B19D-D7320B5EA60D}.Release|Any CPU.ActiveCfg = Release|Any CPU
		{EA7B181E-61CE-4DE0-B19D-D7320B5EA60D}.Release|Any CPU.Build.0 = Release|Any CPU
		{0DE28E5D-45FD-4B12-919E-5A75E0493E29}.Debug|Any CPU.ActiveCfg = Debug|Any CPU
		{0DE28E5D-45FD-4B12-919E-5A75E0493E29}.Debug|Any CPU.Build.0 = Debug|Any CPU
		{0DE28E5D-45FD-4B12-919E-5A75E0493E29}.Release|Any CPU.ActiveCfg = Release|Any CPU
		{0DE28E5D-45FD-4B12-919E-5A75E0493E29}.Release|Any CPU.Build.0 = Release|Any CPU
		{498DC708-8321-41D4-A092-631D2451B361}.Debug|Any CPU.ActiveCfg = Debug|Any CPU
		{498DC708-8321-41D4-A092-631D2451B361}.Debug|Any CPU.Build.0 = Debug|Any CPU
		{498DC708-8321-41D4-A092-631D2451B361}.Release|Any CPU.ActiveCfg = Release|Any CPU
		{498DC708-8321-41D4-A092-631D2451B361}.Release|Any CPU.Build.0 = Release|Any CPU
	EndGlobalSection
	GlobalSection(SolutionProperties) = preSolution
		HideSolutionNode = FALSE
	EndGlobalSection
EndGlobal
